
Microsoft Visual Studio Solution File, Format Version 12.00
# Visual Studio 14
VisualStudioVersion = 14.0.25123.0
MinimumVisualStudioVersion = 10.0.40219.1
Project("{FAE04EC0-301F-11D3-BF4B-00C04F79EFBC}") = "BookDesktop", "MongoSampleDotNet\BookDesktop.csproj", "{F364CBA8-FE78-48F9-9CB9-388606421CBD}"
EndProject
Project("{2150E333-8FDC-42A3-9474-1A3956D46DE8}") = "Data", "Data", "{F3292453-8B10-4A07-B5D9-0F8680486AD1}"
EndProject
Project("{2150E333-8FDC-42A3-9474-1A3956D46DE8}") = "Domain", "Domain", "{E35E1A1A-B9B0-4469-8AC6-E33A8897239D}"
EndProject
Project("{FAE04EC0-301F-11D3-BF4B-00C04F79EFBC}") = "Book.Domain", "Book\Book.Domain.csproj", "{86F02466-2058-461D-99BC-F57D6F6BEF9A}"
EndProject
Project("{2150E333-8FDC-42A3-9474-1A3956D46DE8}") = "Web", "Web", "{17801974-6023-4EA0-B436-1F83B8098899}"
EndProject
Project("{2150E333-8FDC-42A3-9474-1A3956D46DE8}") = "Desktop", "Desktop", "{6400685E-7557-437E-BE88-8DE35ED18762}"
EndProject
Project("{2150E333-8FDC-42A3-9474-1A3956D46DE8}") = "Helpers", "Helpers", "{CFC310D7-0851-4D61-9BF3-6719CC6AAB02}"
EndProject
Project("{FAE04EC0-301F-11D3-BF4B-00C04F79EFBC}") = "Book.Helpers", "Book.Helpers\Book.Helpers.csproj", "{35EB0027-A7E6-4E02-B6F5-0B7CECEEA58B}"
EndProject
Project("{2150E333-8FDC-42A3-9474-1A3956D46DE8}") = "Infrastructure", "Infrastructure", "{A562AD35-EB99-4893-AB9E-D9D8D79BA365}"
EndProject
Project("{2150E333-8FDC-42A3-9474-1A3956D46DE8}") = "Repository", "Repository", "{B80F31C0-4ACC-4012-AA05-895E87D392D4}"
EndProject
Project("{FAE04EC0-301F-11D3-BF4B-00C04F79EFBC}") = "Book.Repository", "Book.Repository\Book.Repository.csproj", "{D5D80665-31B7-47F8-A99E-28DE3300C078}"
EndProject
Project("{2150E333-8FDC-42A3-9474-1A3956D46DE8}") = "Services", "Services", "{630BBA46-9C19-484B-A822-B518209F6B78}"
EndProject
Project("{FAE04EC0-301F-11D3-BF4B-00C04F79EFBC}") = "Book.Services", "Book.Services\Book.Services.csproj", "{59EEAF7F-1562-443C-AA64-BB9143979277}"
EndProject
Global
	GlobalSection(SolutionConfigurationPlatforms) = preSolution
		Debug|Any CPU = Debug|Any CPU
		Release|Any CPU = Release|Any CPU
	EndGlobalSection
	GlobalSection(ProjectConfigurationPlatforms) = postSolution
		{F364CBA8-FE78-48F9-9CB9-388606421CBD}.Debug|Any CPU.ActiveCfg = Debug|Any CPU
		{F364CBA8-FE78-48F9-9CB9-388606421CBD}.Debug|Any CPU.Build.0 = Debug|Any CPU
		{F364CBA8-FE78-48F9-9CB9-388606421CBD}.Release|Any CPU.ActiveCfg = Release|Any CPU
		{F364CBA8-FE78-48F9-9CB9-388606421CBD}.Release|Any CPU.Build.0 = Release|Any CPU
		{86F02466-2058-461D-99BC-F57D6F6BEF9A}.Debug|Any CPU.ActiveCfg = Debug|Any CPU
		{86F02466-2058-461D-99BC-F57D6F6BEF9A}.Debug|Any CPU.Build.0 = Debug|Any CPU
		{86F02466-2058-461D-99BC-F57D6F6BEF9A}.Release|Any CPU.ActiveCfg = Release|Any CPU
		{86F02466-2058-461D-99BC-F57D6F6BEF9A}.Release|Any CPU.Build.0 = Release|Any CPU
		{35EB0027-A7E6-4E02-B6F5-0B7CECEEA58B}.Debug|Any CPU.ActiveCfg = Debug|Any CPU
		{35EB0027-A7E6-4E02-B6F5-0B7CECEEA58B}.Debug|Any CPU.Build.0 = Debug|Any CPU
		{35EB0027-A7E6-4E02-B6F5-0B7CECEEA58B}.Release|Any CPU.ActiveCfg = Release|Any CPU
		{35EB0027-A7E6-4E02-B6F5-0B7CECEEA58B}.Release|Any CPU.Build.0 = Release|Any CPU
		{D5D80665-31B7-47F8-A99E-28DE3300C078}.Debug|Any CPU.ActiveCfg = Debug|Any CPU
		{D5D80665-31B7-47F8-A99E-28DE3300C078}.Debug|Any CPU.Build.0 = Debug|Any CPU
		{D5D80665-31B7-47F8-A99E-28DE3300C078}.Release|Any CPU.ActiveCfg = Release|Any CPU
		{D5D80665-31B7-47F8-A99E-28DE3300C078}.Release|Any CPU.Build.0 = Release|Any CPU
		{59EEAF7F-1562-443C-AA64-BB9143979277}.Debug|Any CPU.ActiveCfg = Debug|Any CPU
		{59EEAF7F-1562-443C-AA64-BB9143979277}.Debug|Any CPU.Build.0 = Debug|Any CPU
		{59EEAF7F-1562-443C-AA64-BB9143979277}.Release|Any CPU.ActiveCfg = Release|Any CPU
		{59EEAF7F-1562-443C-AA64-BB9143979277}.Release|Any CPU.Build.0 = Release|Any CPU
	EndGlobalSection
	GlobalSection(SolutionProperties) = preSolution
		HideSolutionNode = FALSE
	EndGlobalSection
	GlobalSection(NestedProjects) = preSolution
		{F364CBA8-FE78-48F9-9CB9-388606421CBD} = {6400685E-7557-437E-BE88-8DE35ED18762}
		{E35E1A1A-B9B0-4469-8AC6-E33A8897239D} = {F3292453-8B10-4A07-B5D9-0F8680486AD1}
		{86F02466-2058-461D-99BC-F57D6F6BEF9A} = {E35E1A1A-B9B0-4469-8AC6-E33A8897239D}
		{6400685E-7557-437E-BE88-8DE35ED18762} = {17801974-6023-4EA0-B436-1F83B8098899}
		{35EB0027-A7E6-4E02-B6F5-0B7CECEEA58B} = {CFC310D7-0851-4D61-9BF3-6719CC6AAB02}
		{B80F31C0-4ACC-4012-AA05-895E87D392D4} = {A562AD35-EB99-4893-AB9E-D9D8D79BA365}
		{D5D80665-31B7-47F8-A99E-28DE3300C078} = {B80F31C0-4ACC-4012-AA05-895E87D392D4}
		{59EEAF7F-1562-443C-AA64-BB9143979277} = {630BBA46-9C19-484B-A822-B518209F6B78}
	EndGlobalSection
EndGlobal
